
Microsoft Visual Studio Solution File, Format Version 12.00
# Visual Studio Version 17
VisualStudioVersion = 17.10.35027.167
MinimumVisualStudioVersion = 10.0.40219.1
Project("{9A19103F-16F7-4668-BE54-9A1E7A4F7556}") = "ConsoleApp", "ConsoleApp\ConsoleApp.csproj", "{9ACBAAFC-7AD9-4FD1-AAC8-6D2485EB37FB}"
EndProject
Global
	GlobalSection(SolutionConfigurationPlatforms) = preSolution
		Debug|Any CPU = Debug|Any CPU
		Release|Any CPU = Release|Any CPU
	EndGlobalSection
	GlobalSection(ProjectConfigurationPlatforms) = postSolution
		{9ACBAAFC-7AD9-4FD1-AAC8-6D2485EB37FB}.Debug|Any CPU.ActiveCfg = Debug|Any CPU
		{9ACBAAFC-7AD9-4FD1-AAC8-6D2485EB37FB}.Debug|Any CPU.Build.0 = Debug|Any CPU
		{9ACBAAFC-7AD9-4FD1-AAC8-6D2485EB37FB}.Release|Any CPU.ActiveCfg = Release|Any CPU
		{9ACBAAFC-7AD9-4FD1-AAC8-6D2485EB37FB}.Release|Any CPU.Build.0 = Release|Any CPU
	EndGlobalSection
	GlobalSection(SolutionProperties) = preSolution
		HideSolutionNode = FALSE
	EndGlobalSection
	GlobalSection(ExtensibilityGlobals) = postSolution
		SolutionGuid = {2E41F93F-1AFD-4FEE-9BE3-4922C0B6D730}
	EndGlobalSection
EndGlobal
